<?xml version="1.0" encoding="utf-8"?>
<Project ToolsVersion="4.0" xmlns="http://schemas.microsoft.com/developer/msbuild/2003">
  <ItemGroup>
    <Filter Include="Resource Files">
      <UniqueIdentifier>{67DA6AB6-F800-4c08-8B7A-83BB121AAD01}</UniqueIdentifier>
      <Extensions>rc;ico;cur;bmp;dlg;rc2;rct;bin;rgs;gif;jpg;jpeg;jpe;resx;tiff;tif;png;wav;mfcribbon-ms</Extensions>
    </Filter>
    <Filter Include="d3d9hook">
      <UniqueIdentifier>{14be38f3-1650-454a-abac-cfee2de124c0}</UniqueIdentifier>
    </Filter>
    <Filter Include="pch">
      <UniqueIdentifier>{d1c22a3d-bdb7-4c08-a079-b7a7d799dbd6}</UniqueIdentifier>
    </Filter>
    <Filter Include="agui">
      <UniqueIdentifier>{c895d201-8135-4bb9-8663-f1becbb6622e}</UniqueIdentifier>
    </Filter>
    <Filter Include="Print">
      <UniqueIdentifier>{e657d916-4938-4273-92bc-ccea3d3a99a6}</UniqueIdentifier>
    </Filter>
    <Filter Include="Offsets">
      <UniqueIdentifier>{c63cdd60-f601-49ec-b094-c46354c786f6}</UniqueIdentifier>
    </Filter>
    <Filter Include="SDK">
      <UniqueIdentifier>{766d9033-6e80-4412-9eb9-2eb84b62c0dd}</UniqueIdentifier>
    </Filter>
    <Filter Include="Memory">
      <UniqueIdentifier>{29ce0a0f-be4c-4ea4-b6be-ffe92b76457d}</UniqueIdentifier>
    </Filter>
    <Filter Include="Vector">
      <UniqueIdentifier>{6284a766-3036-4fc7-bee3-4dca28fb32e0}</UniqueIdentifier>
    </Filter>
    <Filter Include="Main">
      <UniqueIdentifier>{4FC737F1-C7A5-4376-A066-2A32D752A2FF}</UniqueIdentifier>
      <Extensions>cpp;c;cc;cxx;def;odl;idl;hpj;bat;asm;asmx</Extensions>
    </Filter>
    <Filter Include="Cheat">
      <UniqueIdentifier>{ed340e00-38b3-4565-ae86-32255798a779}</UniqueIdentifier>
    </Filter>
  </ItemGroup>
  <ItemGroup>
    <ClInclude Include="stdafx.h">
      <Filter>pch</Filter>
    </ClInclude>
    <ClInclude Include="targetver.h">
      <Filter>pch</Filter>
    </ClInclude>
    <ClInclude Include="aconsole.hpp">
      <Filter>agui</Filter>
    </ClInclude>
    <ClInclude Include="adrawing.hpp">
      <Filter>agui</Filter>
    </ClInclude>
    <ClInclude Include="agui.hpp">
      <Filter>agui</Filter>
    </ClInclude>
    <ClInclude Include="ainput.hpp">
      <Filter>agui</Filter>
    </ClInclude>
    <ClInclude Include="amenu.hpp">
      <Filter>agui</Filter>
    </ClInclude>
    <ClInclude Include="Hook.hpp">
      <Filter>Memory</Filter>
    </ClInclude>
    <ClInclude Include="gh_d3d9.h">
      <Filter>d3d9hook</Filter>
    </ClInclude>
    <ClInclude Include="Print.hpp">
      <Filter>Print</Filter>
    </ClInclude>
    <ClInclude Include="fake_ntdll.h">
      <Filter>Memory</Filter>
    </ClInclude>
    <ClInclude Include="Patternscan.hpp">
      <Filter>Memory</Filter>
    </ClInclude>
    <ClInclude Include="Offsets.hpp">
      <Filter>Offsets</Filter>
    </ClInclude>
    <ClInclude Include="Netvars.hpp">
      <Filter>SDK</Filter>
    </ClInclude>
    <ClInclude Include="ldisasm.h">
      <Filter>Memory</Filter>
    </ClInclude>
    <ClInclude Include="Vector.hpp">
      <Filter>Vector</Filter>
    </ClInclude>
    <ClInclude Include="CEntity.hpp">
      <Filter>SDK</Filter>
    </ClInclude>
    <ClInclude Include="CLocalPlayer.hpp">
      <Filter>SDK</Filter>
    </ClInclude>
    <ClInclude Include="Aimbot.hpp">
      <Filter>Cheat</Filter>
    </ClInclude>
  </ItemGroup>
  <ItemGroup>
    <ClCompile Include="main.cpp">
      <Filter>Main</Filter>
    </ClCompile>
    <ClCompile Include="stdafx.cpp">
      <Filter>pch</Filter>
    </ClCompile>
    <ClCompile Include="aconsole.cpp">
      <Filter>agui</Filter>
    </ClCompile>
    <ClCompile Include="adrawing.cpp">
      <Filter>agui</Filter>
    </ClCompile>
    <ClCompile Include="agui.cpp">
      <Filter>agui</Filter>
    </ClCompile>
    <ClCompile Include="ainput.cpp">
      <Filter>agui</Filter>
    </ClCompile>
    <ClCompile Include="amenu.cpp">
      <Filter>agui</Filter>
    </ClCompile>
    <ClCompile Include="Hook.cpp">
      <Filter>Memory</Filter>
    </ClCompile>
    <ClCompile Include="gh_d3d9.cpp">
      <Filter>d3d9hook</Filter>
    </ClCompile>
    <ClCompile Include="Print.cpp">
      <Filter>Print</Filter>
    </ClCompile>
    <ClCompile Include="Patternscan.cpp">
      <Filter>Memory</Filter>
    </ClCompile>
    <ClCompile Include="Offsets.cpp">
      <Filter>Offsets</Filter>
    </ClCompile>
    <ClCompile Include="Netvars.cpp">
      <Filter>SDK</Filter>
    </ClCompile>
    <ClCompile Include="Vector.cpp">
      <Filter>Vector</Filter>
    </ClCompile>
    <ClCompile Include="CEntity.cpp">
      <Filter>SDK</Filter>
    </ClCompile>
    <ClCompile Include="CLocalPlayer.cpp">
      <Filter>SDK</Filter>
    </ClCompile>
    <ClCompile Include="Aimbot.cpp">
      <Filter>Cheat</Filter>
    </ClCompile>
  </ItemGroup>
  <ItemGroup>
    <None Include="..\README.md" />
  </ItemGroup>
</Project>